// !$*UTF8*$!
{
	archiveVersion = 1;
	classes = {
	};
	objectVersion = 46;
	objects = {

/* Begin PBXBuildFile section */
		540FC82A1A3DE3E2000BBB6E /* main.m in Sources */ = {isa = PBXBuildFile; fileRef = 540FC8291A3DE3E2000BBB6E /* main.m */; };
		540FC82D1A3DE3E2000BBB6E /* AppDelegate.m in Sources */ = {isa = PBXBuildFile; fileRef = 540FC82C1A3DE3E2000BBB6E /* AppDelegate.m */; };
		540FC8301A3DE3E2000BBB6E /* TodoListApp.xcdatamodeld in Sources */ = {isa = PBXBuildFile; fileRef = 540FC82E1A3DE3E2000BBB6E /* TodoListApp.xcdatamodeld */; };
		540FC8361A3DE3E2000BBB6E /* Main.storyboard in Resources */ = {isa = PBXBuildFile; fileRef = 540FC8341A3DE3E2000BBB6E /* Main.storyboard */; };
		540FC8381A3DE3E2000BBB6E /* Images.xcassets in Resources */ = {isa = PBXBuildFile; fileRef = 540FC8371A3DE3E2000BBB6E /* Images.xcassets */; };
		540FC83B1A3DE3E2000BBB6E /* LaunchScreen.xib in Resources */ = {isa = PBXBuildFile; fileRef = 540FC8391A3DE3E2000BBB6E /* LaunchScreen.xib */; };
		540FC8471A3DE3E2000BBB6E /* TodoListAppTests.m in Sources */ = {isa = PBXBuildFile; fileRef = 540FC8461A3DE3E2000BBB6E /* TodoListAppTests.m */; };
		540FC8521A3F243A000BBB6E /* TodoItem.m in Sources */ = {isa = PBXBuildFile; fileRef = 540FC8511A3F243A000BBB6E /* TodoItem.m */; };
		540FC8551A408080000BBB6E /* TodoTableViewController.m in Sources */ = {isa = PBXBuildFile; fileRef = 540FC8541A408080000BBB6E /* TodoTableViewController.m */; };
		540FC8581A4080A2000BBB6E /* CustomTableViewCell.m in Sources */ = {isa = PBXBuildFile; fileRef = 540FC8571A4080A2000BBB6E /* CustomTableViewCell.m */; };
		540FC85A1A432965000BBB6E /* TodoManagerTests.m in Sources */ = {isa = PBXBuildFile; fileRef = 540FC8591A432965000BBB6E /* TodoManagerTests.m */; };
		540FC85D1A454E49000BBB6E /* TodoManager.m in Sources */ = {isa = PBXBuildFile; fileRef = 540FC85C1A454E49000BBB6E /* TodoManager.m */; };
		54952F501A46F53600DA4796 /* TodoItemTests.m in Sources */ = {isa = PBXBuildFile; fileRef = 54952F4F1A46F53500DA4796 /* TodoItemTests.m */; };
		63BEEF9084310E10926A8D65 /* libPods-TodoListAppTests.a in Frameworks */ = {isa = PBXBuildFile; fileRef = DF9C02FF94902C5937AC019F /* libPods-TodoListAppTests.a */; };
/* End PBXBuildFile section */

/* Begin PBXContainerItemProxy section */
		540FC8411A3DE3E2000BBB6E /* PBXContainerItemProxy */ = {
			isa = PBXContainerItemProxy;
			containerPortal = 540FC81C1A3DE3E1000BBB6E /* Project object */;
			proxyType = 1;
			remoteGlobalIDString = 540FC8231A3DE3E2000BBB6E;
			remoteInfo = TodoListApp;
		};
/* End PBXContainerItemProxy section */

/* Begin PBXFileReference section */
		283EBE1E96613AFD42E93190 /* Pods-TodoListAppTests.release.xcconfig */ = {isa = PBXFileReference; includeInIndex = 1; lastKnownFileType = text.xcconfig; name = "Pods-TodoListAppTests.release.xcconfig"; path = "Pods/Target Support Files/Pods-TodoListAppTests/Pods-TodoListAppTests.release.xcconfig"; sourceTree = "<group>"; };
		540FC8241A3DE3E2000BBB6E /* TodoListApp.app */ = {isa = PBXFileReference; explicitFileType = wrapper.application; includeInIndex = 0; path = TodoListApp.app; sourceTree = BUILT_PRODUCTS_DIR; };
		540FC8281A3DE3E2000BBB6E /* Info.plist */ = {isa = PBXFileReference; lastKnownFileType = text.plist.xml; path = Info.plist; sourceTree = "<group>"; };
		540FC8291A3DE3E2000BBB6E /* main.m */ = {isa = PBXFileReference; lastKnownFileType = sourcecode.c.objc; path = main.m; sourceTree = "<group>"; };
		540FC82B1A3DE3E2000BBB6E /* AppDelegate.h */ = {isa = PBXFileReference; lastKnownFileType = sourcecode.c.h; path = AppDelegate.h; sourceTree = "<group>"; };
		540FC82C1A3DE3E2000BBB6E /* AppDelegate.m */ = {isa = PBXFileReference; lastKnownFileType = sourcecode.c.objc; path = AppDelegate.m; sourceTree = "<group>"; };
		540FC82F1A3DE3E2000BBB6E /* TodoListApp.xcdatamodel */ = {isa = PBXFileReference; lastKnownFileType = wrapper.xcdatamodel; path = TodoListApp.xcdatamodel; sourceTree = "<group>"; };
		540FC8351A3DE3E2000BBB6E /* Base */ = {isa = PBXFileReference; lastKnownFileType = file.storyboard; name = Base; path = Base.lproj/Main.storyboard; sourceTree = "<group>"; };
		540FC8371A3DE3E2000BBB6E /* Images.xcassets */ = {isa = PBXFileReference; lastKnownFileType = folder.assetcatalog; path = Images.xcassets; sourceTree = "<group>"; };
		540FC83A1A3DE3E2000BBB6E /* Base */ = {isa = PBXFileReference; lastKnownFileType = file.xib; name = Base; path = Base.lproj/LaunchScreen.xib; sourceTree = "<group>"; };
		540FC8401A3DE3E2000BBB6E /* TodoListAppTests.xctest */ = {isa = PBXFileReference; explicitFileType = wrapper.cfbundle; includeInIndex = 0; path = TodoListAppTests.xctest; sourceTree = BUILT_PRODUCTS_DIR; };
		540FC8451A3DE3E2000BBB6E /* Info.plist */ = {isa = PBXFileReference; lastKnownFileType = text.plist.xml; path = Info.plist; sourceTree = "<group>"; };
		540FC8461A3DE3E2000BBB6E /* TodoListAppTests.m */ = {isa = PBXFileReference; lastKnownFileType = sourcecode.c.objc; path = TodoListAppTests.m; sourceTree = "<group>"; };
		540FC8501A3F243A000BBB6E /* TodoItem.h */ = {isa = PBXFileReference; fileEncoding = 4; lastKnownFileType = sourcecode.c.h; path = TodoItem.h; sourceTree = "<group>"; };
		540FC8511A3F243A000BBB6E /* TodoItem.m */ = {isa = PBXFileReference; fileEncoding = 4; lastKnownFileType = sourcecode.c.objc; path = TodoItem.m; sourceTree = "<group>"; };
		540FC8531A408080000BBB6E /* TodoTableViewController.h */ = {isa = PBXFileReference; fileEncoding = 4; lastKnownFileType = sourcecode.c.h; path = TodoTableViewController.h; sourceTree = "<group>"; };
		540FC8541A408080000BBB6E /* TodoTableViewController.m */ = {isa = PBXFileReference; fileEncoding = 4; lastKnownFileType = sourcecode.c.objc; path = TodoTableViewController.m; sourceTree = "<group>"; };
		540FC8561A4080A2000BBB6E /* CustomTableViewCell.h */ = {isa = PBXFileReference; fileEncoding = 4; lastKnownFileType = sourcecode.c.h; path = CustomTableViewCell.h; sourceTree = "<group>"; };
		540FC8571A4080A2000BBB6E /* CustomTableViewCell.m */ = {isa = PBXFileReference; fileEncoding = 4; lastKnownFileType = sourcecode.c.objc; path = CustomTableViewCell.m; sourceTree = "<group>"; };
		540FC8591A432965000BBB6E /* TodoManagerTests.m */ = {isa = PBXFileReference; fileEncoding = 4; lastKnownFileType = sourcecode.c.objc; path = TodoManagerTests.m; sourceTree = "<group>"; };
		540FC85B1A454E49000BBB6E /* TodoManager.h */ = {isa = PBXFileReference; fileEncoding = 4; lastKnownFileType = sourcecode.c.h; path = TodoManager.h; sourceTree = "<group>"; };
		540FC85C1A454E49000BBB6E /* TodoManager.m */ = {isa = PBXFileReference; fileEncoding = 4; lastKnownFileType = sourcecode.c.objc; path = TodoManager.m; sourceTree = "<group>"; };
		54952F4F1A46F53500DA4796 /* TodoItemTests.m */ = {isa = PBXFileReference; fileEncoding = 4; lastKnownFileType = sourcecode.c.objc; path = TodoItemTests.m; sourceTree = "<group>"; };
		C1AF3D54EFF8C678A8993D17 /* Pods-TodoListAppTests.debug.xcconfig */ = {isa = PBXFileReference; includeInIndex = 1; lastKnownFileType = text.xcconfig; name = "Pods-TodoListAppTests.debug.xcconfig"; path = "Pods/Target Support Files/Pods-TodoListAppTests/Pods-TodoListAppTests.debug.xcconfig"; sourceTree = "<group>"; };
		DF9C02FF94902C5937AC019F /* libPods-TodoListAppTests.a */ = {isa = PBXFileReference; explicitFileType = archive.ar; includeInIndex = 0; path = "libPods-TodoListAppTests.a"; sourceTree = BUILT_PRODUCTS_DIR; };
/* End PBXFileReference section */

/* Begin PBXFrameworksBuildPhase section */
		540FC8211A3DE3E2000BBB6E /* Frameworks */ = {
			isa = PBXFrameworksBuildPhase;
			buildActionMask = 2147483647;
			files = (
			);
			runOnlyForDeploymentPostprocessing = 0;
		};
		540FC83D1A3DE3E2000BBB6E /* Frameworks */ = {
			isa = PBXFrameworksBuildPhase;
			buildActionMask = 2147483647;
			files = (
				63BEEF9084310E10926A8D65 /* libPods-TodoListAppTests.a in Frameworks */,
			);
			runOnlyForDeploymentPostprocessing = 0;
		};
/* End PBXFrameworksBuildPhase section */

/* Begin PBXGroup section */
		540FC81B1A3DE3E1000BBB6E = {
			isa = PBXGroup;
			children = (
				540FC8261A3DE3E2000BBB6E /* TodoListApp */,
				540FC8431A3DE3E2000BBB6E /* TodoListAppTests */,
				540FC8251A3DE3E2000BBB6E /* Products */,
				DF76DE4A9A33AF0CD30CF091 /* Pods */,
				6FB92C9F801C210A151838A7 /* Frameworks */,
			);
			sourceTree = "<group>";
		};
		540FC8251A3DE3E2000BBB6E /* Products */ = {
			isa = PBXGroup;
			children = (
				540FC8241A3DE3E2000BBB6E /* TodoListApp.app */,
				540FC8401A3DE3E2000BBB6E /* TodoListAppTests.xctest */,
			);
			name = Products;
			sourceTree = "<group>";
		};
		540FC8261A3DE3E2000BBB6E /* TodoListApp */ = {
			isa = PBXGroup;
			children = (
				540FC82B1A3DE3E2000BBB6E /* AppDelegate.h */,
				540FC82C1A3DE3E2000BBB6E /* AppDelegate.m */,
				540FC8531A408080000BBB6E /* TodoTableViewController.h */,
				540FC8541A408080000BBB6E /* TodoTableViewController.m */,
				540FC85B1A454E49000BBB6E /* TodoManager.h */,
				540FC85C1A454E49000BBB6E /* TodoManager.m */,
				540FC8501A3F243A000BBB6E /* TodoItem.h */,
				540FC8511A3F243A000BBB6E /* TodoItem.m */,
				540FC8561A4080A2000BBB6E /* CustomTableViewCell.h */,
				540FC8571A4080A2000BBB6E /* CustomTableViewCell.m */,
				540FC8341A3DE3E2000BBB6E /* Main.storyboard */,
				540FC8371A3DE3E2000BBB6E /* Images.xcassets */,
				540FC8391A3DE3E2000BBB6E /* LaunchScreen.xib */,
				540FC82E1A3DE3E2000BBB6E /* TodoListApp.xcdatamodeld */,
				540FC8271A3DE3E2000BBB6E /* Supporting Files */,
			);
			path = TodoListApp;
			sourceTree = "<group>";
		};
		540FC8271A3DE3E2000BBB6E /* Supporting Files */ = {
			isa = PBXGroup;
			children = (
				540FC8281A3DE3E2000BBB6E /* Info.plist */,
				540FC8291A3DE3E2000BBB6E /* main.m */,
			);
			name = "Supporting Files";
			sourceTree = "<group>";
		};
		540FC8431A3DE3E2000BBB6E /* TodoListAppTests */ = {
			isa = PBXGroup;
			children = (
				540FC8461A3DE3E2000BBB6E /* TodoListAppTests.m */,
				540FC8591A432965000BBB6E /* TodoManagerTests.m */,
				54952F4F1A46F53500DA4796 /* TodoItemTests.m */,
				540FC8441A3DE3E2000BBB6E /* Supporting Files */,
			);
			path = TodoListAppTests;
			sourceTree = "<group>";
		};
		540FC8441A3DE3E2000BBB6E /* Supporting Files */ = {
			isa = PBXGroup;
			children = (
				540FC8451A3DE3E2000BBB6E /* Info.plist */,
			);
			name = "Supporting Files";
			sourceTree = "<group>";
		};
		6FB92C9F801C210A151838A7 /* Frameworks */ = {
			isa = PBXGroup;
			children = (
				DF9C02FF94902C5937AC019F /* libPods-TodoListAppTests.a */,
			);
			name = Frameworks;
			sourceTree = "<group>";
		};
		DF76DE4A9A33AF0CD30CF091 /* Pods */ = {
			isa = PBXGroup;
			children = (
				C1AF3D54EFF8C678A8993D17 /* Pods-TodoListAppTests.debug.xcconfig */,
				283EBE1E96613AFD42E93190 /* Pods-TodoListAppTests.release.xcconfig */,
			);
			name = Pods;
			sourceTree = "<group>";
		};
/* End PBXGroup section */

/* Begin PBXNativeTarget section */
		540FC8231A3DE3E2000BBB6E /* TodoListApp */ = {
			isa = PBXNativeTarget;
			buildConfigurationList = 540FC84A1A3DE3E2000BBB6E /* Build configuration list for PBXNativeTarget "TodoListApp" */;
			buildPhases = (
				540FC8201A3DE3E2000BBB6E /* Sources */,
				540FC8211A3DE3E2000BBB6E /* Frameworks */,
				540FC8221A3DE3E2000BBB6E /* Resources */,
			);
			buildRules = (
			);
			dependencies = (
			);
			name = TodoListApp;
			productName = TodoListApp;
			productReference = 540FC8241A3DE3E2000BBB6E /* TodoListApp.app */;
			productType = "com.apple.product-type.application";
		};
		540FC83F1A3DE3E2000BBB6E /* TodoListAppTests */ = {
			isa = PBXNativeTarget;
			buildConfigurationList = 540FC84D1A3DE3E2000BBB6E /* Build configuration list for PBXNativeTarget "TodoListAppTests" */;
			buildPhases = (
				6CDCFD2B6C5853B396662CAA /* Check Pods Manifest.lock */,
				540FC83C1A3DE3E2000BBB6E /* Sources */,
				540FC83D1A3DE3E2000BBB6E /* Frameworks */,
				540FC83E1A3DE3E2000BBB6E /* Resources */,
				D401694B1D653BD34CD7D26B /* Copy Pods Resources */,
			);
			buildRules = (
			);
			dependencies = (
				540FC8421A3DE3E2000BBB6E /* PBXTargetDependency */,
			);
			name = TodoListAppTests;
			productName = TodoListAppTests;
			productReference = 540FC8401A3DE3E2000BBB6E /* TodoListAppTests.xctest */;
			productType = "com.apple.product-type.bundle.unit-test";
		};
/* End PBXNativeTarget section */

/* Begin PBXProject section */
		540FC81C1A3DE3E1000BBB6E /* Project object */ = {
			isa = PBXProject;
			attributes = {
				LastUpgradeCheck = 0610;
				ORGANIZATIONNAME = "Ryosuke Tani";
				TargetAttributes = {
					540FC8231A3DE3E2000BBB6E = {
						CreatedOnToolsVersion = 6.1.1;
					};
					540FC83F1A3DE3E2000BBB6E = {
						CreatedOnToolsVersion = 6.1.1;
						TestTargetID = 540FC8231A3DE3E2000BBB6E;
					};
				};
			};
			buildConfigurationList = 540FC81F1A3DE3E1000BBB6E /* Build configuration list for PBXProject "TodoListApp" */;
			compatibilityVersion = "Xcode 3.2";
			developmentRegion = English;
			hasScannedForEncodings = 0;
			knownRegions = (
				en,
				Base,
			);
			mainGroup = 540FC81B1A3DE3E1000BBB6E;
			productRefGroup = 540FC8251A3DE3E2000BBB6E /* Products */;
			projectDirPath = "";
			projectRoot = "";
			targets = (
				540FC8231A3DE3E2000BBB6E /* TodoListApp */,
				540FC83F1A3DE3E2000BBB6E /* TodoListAppTests */,
			);
		};
/* End PBXProject section */

/* Begin PBXResourcesBuildPhase section */
		540FC8221A3DE3E2000BBB6E /* Resources */ = {
			isa = PBXResourcesBuildPhase;
			buildActionMask = 2147483647;
			files = (
				540FC8361A3DE3E2000BBB6E /* Main.storyboard in Resources */,
				540FC83B1A3DE3E2000BBB6E /* LaunchScreen.xib in Resources */,
				540FC8381A3DE3E2000BBB6E /* Images.xcassets in Resources */,
			);
			runOnlyForDeploymentPostprocessing = 0;
		};
		540FC83E1A3DE3E2000BBB6E /* Resources */ = {
			isa = PBXResourcesBuildPhase;
			buildActionMask = 2147483647;
			files = (
			);
			runOnlyForDeploymentPostprocessing = 0;
		};
/* End PBXResourcesBuildPhase section */

/* Begin PBXShellScriptBuildPhase section */
		6CDCFD2B6C5853B396662CAA /* Check Pods Manifest.lock */ = {
			isa = PBXShellScriptBuildPhase;
			buildActionMask = 2147483647;
			files = (
			);
			inputPaths = (
			);
			name = "Check Pods Manifest.lock";
			outputPaths = (
			);
			runOnlyForDeploymentPostprocessing = 0;
			shellPath = /bin/sh;
			shellScript = "diff \"${PODS_ROOT}/../Podfile.lock\" \"${PODS_ROOT}/Manifest.lock\" > /dev/null\nif [[ $? != 0 ]] ; then\n    cat << EOM\nerror: The sandbox is not in sync with the Podfile.lock. Run 'pod install' or update your CocoaPods installation.\nEOM\n    exit 1\nfi\n";
			showEnvVarsInLog = 0;
		};
		D401694B1D653BD34CD7D26B /* Copy Pods Resources */ = {
			isa = PBXShellScriptBuildPhase;
			buildActionMask = 2147483647;
			files = (
			);
			inputPaths = (
			);
			name = "Copy Pods Resources";
			outputPaths = (
			);
			runOnlyForDeploymentPostprocessing = 0;
			shellPath = /bin/sh;
			shellScript = "\"${SRCROOT}/Pods/Target Support Files/Pods-TodoListAppTests/Pods-TodoListAppTests-resources.sh\"\n";
			showEnvVarsInLog = 0;
		};
/* End PBXShellScriptBuildPhase section */

/* Begin PBXSourcesBuildPhase section */
		540FC8201A3DE3E2000BBB6E /* Sources */ = {
			isa = PBXSourcesBuildPhase;
			buildActionMask = 2147483647;
			files = (
				540FC82D1A3DE3E2000BBB6E /* AppDelegate.m in Sources */,
				540FC8551A408080000BBB6E /* TodoTableViewController.m in Sources */,
				540FC8581A4080A2000BBB6E /* CustomTableViewCell.m in Sources */,
				540FC8301A3DE3E2000BBB6E /* TodoListApp.xcdatamodeld in Sources */,
				540FC82A1A3DE3E2000BBB6E /* main.m in Sources */,
				540FC85D1A454E49000BBB6E /* TodoManager.m in Sources */,
				540FC8521A3F243A000BBB6E /* TodoItem.m in Sources */,
			);
			runOnlyForDeploymentPostprocessing = 0;
		};
		540FC83C1A3DE3E2000BBB6E /* Sources */ = {
			isa = PBXSourcesBuildPhase;
			buildActionMask = 2147483647;
			files = (
				540FC85A1A432965000BBB6E /* TodoManagerTests.m in Sources */,
				54952F501A46F53600DA4796 /* TodoItemTests.m in Sources */,
				540FC8471A3DE3E2000BBB6E /* TodoListAppTests.m in Sources */,
			);
			runOnlyForDeploymentPostprocessing = 0;
		};
/* End PBXSourcesBuildPhase section */

/* Begin PBXTargetDependency section */
		540FC8421A3DE3E2000BBB6E /* PBXTargetDependency */ = {
			isa = PBXTargetDependency;
			target = 540FC8231A3DE3E2000BBB6E /* TodoListApp */;
			targetProxy = 540FC8411A3DE3E2000BBB6E /* PBXContainerItemProxy */;
		};
/* End PBXTargetDependency section */

/* Begin PBXVariantGroup section */
		540FC8341A3DE3E2000BBB6E /* Main.storyboard */ = {
			isa = PBXVariantGroup;
			children = (
				540FC8351A3DE3E2000BBB6E /* Base */,
			);
			name = Main.storyboard;
			sourceTree = "<group>";
		};
		540FC8391A3DE3E2000BBB6E /* LaunchScreen.xib */ = {
			isa = PBXVariantGroup;
			children = (
				540FC83A1A3DE3E2000BBB6E /* Base */,
			);
			name = LaunchScreen.xib;
			sourceTree = "<group>";
		};
/* End PBXVariantGroup section */

/* Begin XCBuildConfiguration section */
		540FC8481A3DE3E2000BBB6E /* Debug */ = {
			isa = XCBuildConfiguration;
			buildSettings = {
				ALWAYS_SEARCH_USER_PATHS = NO;
				CLANG_CXX_LANGUAGE_STANDARD = "gnu++0x";
				CLANG_CXX_LIBRARY = "libc++";
				CLANG_ENABLE_MODULES = YES;
				CLANG_ENABLE_OBJC_ARC = YES;
				CLANG_WARN_BOOL_CONVERSION = YES;
				CLANG_WARN_CONSTANT_CONVERSION = YES;
				CLANG_WARN_DIRECT_OBJC_ISA_USAGE = YES_ERROR;
				CLANG_WARN_EMPTY_BODY = YES;
				CLANG_WARN_ENUM_CONVERSION = YES;
				CLANG_WARN_INT_CONVERSION = YES;
				CLANG_WARN_OBJC_ROOT_CLASS = YES_ERROR;
				CLANG_WARN_UNREACHABLE_CODE = YES;
				CLANG_WARN__DUPLICATE_METHOD_MATCH = YES;
				"CODE_SIGN_IDENTITY[sdk=iphoneos*]" = "iPhone Developer";
				COPY_PHASE_STRIP = NO;
				ENABLE_STRICT_OBJC_MSGSEND = YES;
				GCC_C_LANGUAGE_STANDARD = gnu99;
				GCC_DYNAMIC_NO_PIC = NO;
				GCC_OPTIMIZATION_LEVEL = 0;
				GCC_PREPROCESSOR_DEFINITIONS = (
					"DEBUG=1",
					"$(inherited)",
				);
				GCC_SYMBOLS_PRIVATE_EXTERN = NO;
				GCC_WARN_64_TO_32_BIT_CONVERSION = YES;
				GCC_WARN_ABOUT_RETURN_TYPE = YES_ERROR;
				GCC_WARN_UNDECLARED_SELECTOR = YES;
				GCC_WARN_UNINITIALIZED_AUTOS = YES_AGGRESSIVE;
				GCC_WARN_UNUSED_FUNCTION = YES;
				GCC_WARN_UNUSED_VARIABLE = YES;
				IPHONEOS_DEPLOYMENT_TARGET = 7.0;
				MTL_ENABLE_DEBUG_INFO = YES;
				ONLY_ACTIVE_ARCH = YES;
				SDKROOT = iphoneos;
			};
			name = Debug;
		};
		540FC8491A3DE3E2000BBB6E /* Release */ = {
			isa = XCBuildConfiguration;
			buildSettings = {
				ALWAYS_SEARCH_USER_PATHS = NO;
				CLANG_CXX_LANGUAGE_STANDARD = "gnu++0x";
				CLANG_CXX_LIBRARY = "libc++";
				CLANG_ENABLE_MODULES = YES;
				CLANG_ENABLE_OBJC_ARC = YES;
				CLANG_WARN_BOOL_CONVERSION = YES;
				CLANG_WARN_CONSTANT_CONVERSION = YES;
				CLANG_WARN_DIRECT_OBJC_ISA_USAGE = YES_ERROR;
				CLANG_WARN_EMPTY_BODY = YES;
				CLANG_WARN_ENUM_CONVERSION = YES;
				CLANG_WARN_INT_CONVERSION = YES;
				CLANG_WARN_OBJC_ROOT_CLASS = YES_ERROR;
				CLANG_WARN_UNREACHABLE_CODE = YES;
				CLANG_WARN__DUPLICATE_METHOD_MATCH = YES;
				"CODE_SIGN_IDENTITY[sdk=iphoneos*]" = "iPhone Developer";
				COPY_PHASE_STRIP = YES;
				ENABLE_NS_ASSERTIONS = NO;
				ENABLE_STRICT_OBJC_MSGSEND = YES;
				GCC_C_LANGUAGE_STANDARD = gnu99;
				GCC_WARN_64_TO_32_BIT_CONVERSION = YES;
				GCC_WARN_ABOUT_RETURN_TYPE = YES_ERROR;
				GCC_WARN_UNDECLARED_SELECTOR = YES;
				GCC_WARN_UNINITIALIZED_AUTOS = YES_AGGRESSIVE;
				GCC_WARN_UNUSED_FUNCTION = YES;
				GCC_WARN_UNUSED_VARIABLE = YES;
				IPHONEOS_DEPLOYMENT_TARGET = 7.0;
				MTL_ENABLE_DEBUG_INFO = NO;
				SDKROOT = iphoneos;
				VALIDATE_PRODUCT = YES;
			};
			name = Release;
		};
		540FC84B1A3DE3E2000BBB6E /* Debug */ = {
			isa = XCBuildConfiguration;
			buildSettings = {
				ASSETCATALOG_COMPILER_APPICON_NAME = AppIcon;
				INFOPLIST_FILE = TodoListApp/Info.plist;
				LD_RUNPATH_SEARCH_PATHS = "$(inherited) @executable_path/Frameworks";
				PRODUCT_NAME = "$(TARGET_NAME)";
			};
			name = Debug;
		};
		540FC84C1A3DE3E2000BBB6E /* Release */ = {
			isa = XCBuildConfiguration;
			buildSettings = {
				ASSETCATALOG_COMPILER_APPICON_NAME = AppIcon;
				INFOPLIST_FILE = TodoListApp/Info.plist;
				LD_RUNPATH_SEARCH_PATHS = "$(inherited) @executable_path/Frameworks";
				PRODUCT_NAME = "$(TARGET_NAME)";
			};
			name = Release;
		};
		540FC84E1A3DE3E2000BBB6E /* Debug */ = {
			isa = XCBuildConfiguration;
			baseConfigurationReference = C1AF3D54EFF8C678A8993D17 /* Pods-TodoListAppTests.debug.xcconfig */;
			buildSettings = {
				BUNDLE_LOADER = "$(TEST_HOST)";
				FRAMEWORK_SEARCH_PATHS = (
					"$(SDKROOT)/Developer/Library/Frameworks",
					"$(inherited)",
				);
				GCC_PREPROCESSOR_DEFINITIONS = (
					"DEBUG=1",
					"$(inherited)",
				);
				INFOPLIST_FILE = TodoListAppTests/Info.plist;
				LD_RUNPATH_SEARCH_PATHS = "$(inherited) @executable_path/Frameworks @loader_path/Frameworks";
				PRODUCT_NAME = "$(TARGET_NAME)";
				TEST_HOST = "$(BUILT_PRODUCTS_DIR)/TodoListApp.app/TodoListApp";
			};
			name = Debug;
		};
		540FC84F1A3DE3E2000BBB6E /* Release */ = {
			isa = XCBuildConfiguration;
			baseConfigurationReference = 283EBE1E96613AFD42E93190 /* Pods-TodoListAppTests.release.xcconfig */;
			buildSettings = {
				BUNDLE_LOADER = "$(TEST_HOST)";
				FRAMEWORK_SEARCH_PATHS = (
					"$(SDKROOT)/Developer/Library/Frameworks",
					"$(inherited)",
				);
				INFOPLIST_FILE = TodoListAppTests/Info.plist;
				LD_RUNPATH_SEARCH_PATHS = "$(inherited) @executable_path/Frameworks @loader_path/Frameworks";
				PRODUCT_NAME = "$(TARGET_NAME)";
				TEST_HOST = "$(BUILT_PRODUCTS_DIR)/TodoListApp.app/TodoListApp";
			};
			name = Release;
		};
/* End XCBuildConfiguration section */

/* Begin XCConfigurationList section */
		540FC81F1A3DE3E1000BBB6E /* Build configuration list for PBXProject "TodoListApp" */ = {
			isa = XCConfigurationList;
			buildConfigurations = (
				540FC8481A3DE3E2000BBB6E /* Debug */,
				540FC8491A3DE3E2000BBB6E /* Release */,
			);
			defaultConfigurationIsVisible = 0;
			defaultConfigurationName = Release;
		};
		540FC84A1A3DE3E2000BBB6E /* Build configuration list for PBXNativeTarget "TodoListApp" */ = {
			isa = XCConfigurationList;
			buildConfigurations = (
				540FC84B1A3DE3E2000BBB6E /* Debug */,
				540FC84C1A3DE3E2000BBB6E /* Release */,
			);
			defaultConfigurationIsVisible = 0;
			defaultConfigurationName = Release;
		};
		540FC84D1A3DE3E2000BBB6E /* Build configuration list for PBXNativeTarget "TodoListAppTests" */ = {
			isa = XCConfigurationList;
			buildConfigurations = (
				540FC84E1A3DE3E2000BBB6E /* Debug */,
				540FC84F1A3DE3E2000BBB6E /* Release */,
			);
			defaultConfigurationIsVisible = 0;
			defaultConfigurationName = Release;
		};
/* End XCConfigurationList section */

/* Begin XCVersionGroup section */
		540FC82E1A3DE3E2000BBB6E /* TodoListApp.xcdatamodeld */ = {
			isa = XCVersionGroup;
			children = (
				540FC82F1A3DE3E2000BBB6E /* TodoListApp.xcdatamodel */,
			);
			currentVersion = 540FC82F1A3DE3E2000BBB6E /* TodoListApp.xcdatamodel */;
			path = TodoListApp.xcdatamodeld;
			sourceTree = "<group>";
			versionGroupType = wrapper.xcdatamodel;
		};
/* End XCVersionGroup section */
	};
	rootObject = 540FC81C1A3DE3E1000BBB6E /* Project object */;
}
